
Microsoft Visual Studio Solution File, Format Version 12.00
# Visual Studio Version 17
VisualStudioVersion = 17.2.32616.157
MinimumVisualStudioVersion = 10.0.40219.1
Project("{FAE04EC0-301F-11D3-BF4B-00C04F79EFBC}") = "FormuláriosH2", "FormuláriosH2\FormuláriosH2.csproj", "{22AB2137-AB3D-4DE9-9127-0C576ADC3068}"
EndProject
Global
	GlobalSection(SolutionConfigurationPlatforms) = preSolution
		Debug|Any CPU = Debug|Any CPU
		Release|Any CPU = Release|Any CPU
	EndGlobalSection
	GlobalSection(ProjectConfigurationPlatforms) = postSolution
		{22AB2137-AB3D-4DE9-9127-0C576ADC3068}.Debug|Any CPU.ActiveCfg = Debug|Any CPU
		{22AB2137-AB3D-4DE9-9127-0C576ADC3068}.Debug|Any CPU.Build.0 = Debug|Any CPU
		{22AB2137-AB3D-4DE9-9127-0C576ADC3068}.Release|Any CPU.ActiveCfg = Release|Any CPU
		{22AB2137-AB3D-4DE9-9127-0C576ADC3068}.Release|Any CPU.Build.0 = Release|Any CPU
	EndGlobalSection
	GlobalSection(SolutionProperties) = preSolution
		HideSolutionNode = FALSE
	EndGlobalSection
	GlobalSection(ExtensibilityGlobals) = postSolution
		SolutionGuid = {0BAB9B8A-085C-47A1-8819-9A22CA41D73C}
	EndGlobalSection
EndGlobal
